// !$*UTF8*$!
{
	archiveVersion = 1;
	classes = {
	};
	objectVersion = 46;
	objects = {

/* Begin PBXBuildFile section */
		2D7173C41B69525700D4373B /* AppDelegate.swift in Sources */ = {isa = PBXBuildFile; fileRef = 2D7173C31B69525700D4373B /* AppDelegate.swift */; };
		2D7173C61B69525700D4373B /* ViewController.swift in Sources */ = {isa = PBXBuildFile; fileRef = 2D7173C51B69525700D4373B /* ViewController.swift */; };
		2D7173C91B69525700D4373B /* Main.storyboard in Resources */ = {isa = PBXBuildFile; fileRef = 2D7173C71B69525700D4373B /* Main.storyboard */; };
		2D7173CB1B69525700D4373B /* Images.xcassets in Resources */ = {isa = PBXBuildFile; fileRef = 2D7173CA1B69525700D4373B /* Images.xcassets */; };
		2D7173CE1B69525700D4373B /* LaunchScreen.xib in Resources */ = {isa = PBXBuildFile; fileRef = 2D7173CC1B69525700D4373B /* LaunchScreen.xib */; };
		2D7173DA1B69525700D4373B /* PostcardTests.swift in Sources */ = {isa = PBXBuildFile; fileRef = 2D7173D91B69525700D4373B /* PostcardTests.swift */; };
/* End PBXBuildFile section */

/* Begin PBXContainerItemProxy section */
		2D7173D41B69525700D4373B /* PBXContainerItemProxy */ = {
			isa = PBXContainerItemProxy;
			containerPortal = 2D7173B61B69525700D4373B /* Project object */;
			proxyType = 1;
			remoteGlobalIDString = 2D7173BD1B69525700D4373B;
			remoteInfo = Postcard;
		};
/* End PBXContainerItemProxy section */

/* Begin PBXFileReference section */
		2D7173BE1B69525700D4373B /* Postcard.app */ = {isa = PBXFileReference; explicitFileType = wrapper.application; includeInIndex = 0; path = Postcard.app; sourceTree = BUILT_PRODUCTS_DIR; };
		2D7173C21B69525700D4373B /* Info.plist */ = {isa = PBXFileReference; lastKnownFileType = text.plist.xml; path = Info.plist; sourceTree = "<group>"; };
		2D7173C31B69525700D4373B /* AppDelegate.swift */ = {isa = PBXFileReference; lastKnownFileType = sourcecode.swift; path = AppDelegate.swift; sourceTree = "<group>"; };
		2D7173C51B69525700D4373B /* ViewController.swift */ = {isa = PBXFileReference; lastKnownFileType = sourcecode.swift; path = ViewController.swift; sourceTree = "<group>"; };
		2D7173C81B69525700D4373B /* Base */ = {isa = PBXFileReference; lastKnownFileType = file.storyboard; name = Base; path = Base.lproj/Main.storyboard; sourceTree = "<group>"; };
		2D7173CA1B69525700D4373B /* Images.xcassets */ = {isa = PBXFileReference; lastKnownFileType = folder.assetcatalog; path = Images.xcassets; sourceTree = "<group>"; };
		2D7173CD1B69525700D4373B /* Base */ = {isa = PBXFileReference; lastKnownFileType = file.xib; name = Base; path = Base.lproj/LaunchScreen.xib; sourceTree = "<group>"; };
		2D7173D31B69525700D4373B /* PostcardTests.xctest */ = {isa = PBXFileReference; explicitFileType = wrapper.cfbundle; includeInIndex = 0; path = PostcardTests.xctest; sourceTree = BUILT_PRODUCTS_DIR; };
		2D7173D81B69525700D4373B /* Info.plist */ = {isa = PBXFileReference; lastKnownFileType = text.plist.xml; path = Info.plist; sourceTree = "<group>"; };
		2D7173D91B69525700D4373B /* PostcardTests.swift */ = {isa = PBXFileReference; lastKnownFileType = sourcecode.swift; path = PostcardTests.swift; sourceTree = "<group>"; };
/* End PBXFileReference section */

/* Begin PBXFrameworksBuildPhase section */
		2D7173BB1B69525700D4373B /* Frameworks */ = {
			isa = PBXFrameworksBuildPhase;
			buildActionMask = 2147483647;
			files = (
			);
			runOnlyForDeploymentPostprocessing = 0;
		};
		2D7173D01B69525700D4373B /* Frameworks */ = {
			isa = PBXFrameworksBuildPhase;
			buildActionMask = 2147483647;
			files = (
			);
			runOnlyForDeploymentPostprocessing = 0;
		};
/* End PBXFrameworksBuildPhase section */

/* Begin PBXGroup section */
		2D7173B51B69525700D4373B = {
			isa = PBXGroup;
			children = (
				2D7173C01B69525700D4373B /* Postcard */,
				2D7173D61B69525700D4373B /* PostcardTests */,
				2D7173BF1B69525700D4373B /* Products */,
			);
			sourceTree = "<group>";
		};
		2D7173BF1B69525700D4373B /* Products */ = {
			isa = PBXGroup;
			children = (
				2D7173BE1B69525700D4373B /* Postcard.app */,
				2D7173D31B69525700D4373B /* PostcardTests.xctest */,
			);
			name = Products;
			sourceTree = "<group>";
		};
		2D7173C01B69525700D4373B /* Postcard */ = {
			isa = PBXGroup;
			children = (
				2D7173C31B69525700D4373B /* AppDelegate.swift */,
				2D7173C51B69525700D4373B /* ViewController.swift */,
				2D7173C71B69525700D4373B /* Main.storyboard */,
				2D7173CA1B69525700D4373B /* Images.xcassets */,
				2D7173CC1B69525700D4373B /* LaunchScreen.xib */,
				2D7173C11B69525700D4373B /* Supporting Files */,
			);
			path = Postcard;
			sourceTree = "<group>";
		};
		2D7173C11B69525700D4373B /* Supporting Files */ = {
			isa = PBXGroup;
			children = (
				2D7173C21B69525700D4373B /* Info.plist */,
			);
			name = "Supporting Files";
			sourceTree = "<group>";
		};
		2D7173D61B69525700D4373B /* PostcardTests */ = {
			isa = PBXGroup;
			children = (
				2D7173D91B69525700D4373B /* PostcardTests.swift */,
				2D7173D71B69525700D4373B /* Supporting Files */,
			);
			path = PostcardTests;
			sourceTree = "<group>";
		};
		2D7173D71B69525700D4373B /* Supporting Files */ = {
			isa = PBXGroup;
			children = (
				2D7173D81B69525700D4373B /* Info.plist */,
			);
			name = "Supporting Files";
			sourceTree = "<group>";
		};
/* End PBXGroup section */

/* Begin PBXNativeTarget section */
		2D7173BD1B69525700D4373B /* Postcard */ = {
			isa = PBXNativeTarget;
			buildConfigurationList = 2D7173DD1B69525700D4373B /* Build configuration list for PBXNativeTarget "Postcard" */;
			buildPhases = (
				2D7173BA1B69525700D4373B /* Sources */,
				2D7173BB1B69525700D4373B /* Frameworks */,
				2D7173BC1B69525700D4373B /* Resources */,
			);
			buildRules = (
			);
			dependencies = (
			);
			name = Postcard;
			productName = Postcard;
			productReference = 2D7173BE1B69525700D4373B /* Postcard.app */;
			productType = "com.apple.product-type.application";
		};
		2D7173D21B69525700D4373B /* PostcardTests */ = {
			isa = PBXNativeTarget;
			buildConfigurationList = 2D7173E01B69525700D4373B /* Build configuration list for PBXNativeTarget "PostcardTests" */;
			buildPhases = (
				2D7173CF1B69525700D4373B /* Sources */,
				2D7173D01B69525700D4373B /* Frameworks */,
				2D7173D11B69525700D4373B /* Resources */,
			);
			buildRules = (
			);
			dependencies = (
				2D7173D51B69525700D4373B /* PBXTargetDependency */,
			);
			name = PostcardTests;
			productName = PostcardTests;
			productReference = 2D7173D31B69525700D4373B /* PostcardTests.xctest */;
			productType = "com.apple.product-type.bundle.unit-test";
		};
/* End PBXNativeTarget section */

/* Begin PBXProject section */
		2D7173B61B69525700D4373B /* Project object */ = {
			isa = PBXProject;
			attributes = {
				LastUpgradeCheck = 0640;
				ORGANIZATIONNAME = Unifyed;
				TargetAttributes = {
					2D7173BD1B69525700D4373B = {
						CreatedOnToolsVersion = 6.4;
					};
					2D7173D21B69525700D4373B = {
						CreatedOnToolsVersion = 6.4;
						TestTargetID = 2D7173BD1B69525700D4373B;
					};
				};
			};
			buildConfigurationList = 2D7173B91B69525700D4373B /* Build configuration list for PBXProject "Postcard" */;
			compatibilityVersion = "Xcode 3.2";
			developmentRegion = English;
			hasScannedForEncodings = 0;
			knownRegions = (
				en,
				Base,
			);
			mainGroup = 2D7173B51B69525700D4373B;
			productRefGroup = 2D7173BF1B69525700D4373B /* Products */;
			projectDirPath = "";
			projectRoot = "";
			targets = (
				2D7173BD1B69525700D4373B /* Postcard */,
				2D7173D21B69525700D4373B /* PostcardTests */,
			);
		};
/* End PBXProject section */

/* Begin PBXResourcesBuildPhase section */
		2D7173BC1B69525700D4373B /* Resources */ = {
			isa = PBXResourcesBuildPhase;
			buildActionMask = 2147483647;
			files = (
				2D7173C91B69525700D4373B /* Main.storyboard in Resources */,
				2D7173CE1B69525700D4373B /* LaunchScreen.xib in Resources */,
				2D7173CB1B69525700D4373B /* Images.xcassets in Resources */,
			);
			runOnlyForDeploymentPostprocessing = 0;
		};
		2D7173D11B69525700D4373B /* Resources */ = {
			isa = PBXResourcesBuildPhase;
			buildActionMask = 2147483647;
			files = (
			);
			runOnlyForDeploymentPostprocessing = 0;
		};
/* End PBXResourcesBuildPhase section */

/* Begin PBXSourcesBuildPhase section */
		2D7173BA1B69525700D4373B /* Sources */ = {
			isa = PBXSourcesBuildPhase;
			buildActionMask = 2147483647;
			files = (
				2D7173C61B69525700D4373B /* ViewController.swift in Sources */,
				2D7173C41B69525700D4373B /* AppDelegate.swift in Sources */,
			);
			runOnlyForDeploymentPostprocessing = 0;
		};
		2D7173CF1B69525700D4373B /* Sources */ = {
			isa = PBXSourcesBuildPhase;
			buildActionMask = 2147483647;
			files = (
				2D7173DA1B69525700D4373B /* PostcardTests.swift in Sources */,
			);
			runOnlyForDeploymentPostprocessing = 0;
		};
/* End PBXSourcesBuildPhase section */

/* Begin PBXTargetDependency section */
		2D7173D51B69525700D4373B /* PBXTargetDependency */ = {
			isa = PBXTargetDependency;
			target = 2D7173BD1B69525700D4373B /* Postcard */;
			targetProxy = 2D7173D41B69525700D4373B /* PBXContainerItemProxy */;
		};
/* End PBXTargetDependency section */

/* Begin PBXVariantGroup section */
		2D7173C71B69525700D4373B /* Main.storyboard */ = {
			isa = PBXVariantGroup;
			children = (
				2D7173C81B69525700D4373B /* Base */,
			);
			name = Main.storyboard;
			sourceTree = "<group>";
		};
		2D7173CC1B69525700D4373B /* LaunchScreen.xib */ = {
			isa = PBXVariantGroup;
			children = (
				2D7173CD1B69525700D4373B /* Base */,
			);
			name = LaunchScreen.xib;
			sourceTree = "<group>";
		};
/* End PBXVariantGroup section */

/* Begin XCBuildConfiguration section */
		2D7173DB1B69525700D4373B /* Debug */ = {
			isa = XCBuildConfiguration;
			buildSettings = {
				ALWAYS_SEARCH_USER_PATHS = NO;
				CLANG_CXX_LANGUAGE_STANDARD = "gnu++0x";
				CLANG_CXX_LIBRARY = "libc++";
				CLANG_ENABLE_MODULES = YES;
				CLANG_ENABLE_OBJC_ARC = YES;
				CLANG_WARN_BOOL_CONVERSION = YES;
				CLANG_WARN_CONSTANT_CONVERSION = YES;
				CLANG_WARN_DIRECT_OBJC_ISA_USAGE = YES_ERROR;
				CLANG_WARN_EMPTY_BODY = YES;
				CLANG_WARN_ENUM_CONVERSION = YES;
				CLANG_WARN_INT_CONVERSION = YES;
				CLANG_WARN_OBJC_ROOT_CLASS = YES_ERROR;
				CLANG_WARN_UNREACHABLE_CODE = YES;
				CLANG_WARN__DUPLICATE_METHOD_MATCH = YES;
				"CODE_SIGN_IDENTITY[sdk=iphoneos*]" = "iPhone Developer";
				COPY_PHASE_STRIP = NO;
				DEBUG_INFORMATION_FORMAT = "dwarf-with-dsym";
				ENABLE_STRICT_OBJC_MSGSEND = YES;
				GCC_C_LANGUAGE_STANDARD = gnu99;
				GCC_DYNAMIC_NO_PIC = NO;
				GCC_NO_COMMON_BLOCKS = YES;
				GCC_OPTIMIZATION_LEVEL = 0;
				GCC_PREPROCESSOR_DEFINITIONS = (
					"DEBUG=1",
					"$(inherited)",
				);
				GCC_SYMBOLS_PRIVATE_EXTERN = NO;
				GCC_WARN_64_TO_32_BIT_CONVERSION = YES;
				GCC_WARN_ABOUT_RETURN_TYPE = YES_ERROR;
				GCC_WARN_UNDECLARED_SELECTOR = YES;
				GCC_WARN_UNINITIALIZED_AUTOS = YES_AGGRESSIVE;
				GCC_WARN_UNUSED_FUNCTION = YES;
				GCC_WARN_UNUSED_VARIABLE = YES;
				IPHONEOS_DEPLOYMENT_TARGET = 8.4;
				MTL_ENABLE_DEBUG_INFO = YES;
				ONLY_ACTIVE_ARCH = YES;
				SDKROOT = iphoneos;
				SWIFT_OPTIMIZATION_LEVEL = "-Onone";
				TARGETED_DEVICE_FAMILY = "1,2";
			};
			name = Debug;
		};
		2D7173DC1B69525700D4373B /* Release */ = {
			isa = XCBuildConfiguration;
			buildSettings = {
				ALWAYS_SEARCH_USER_PATHS = NO;
				CLANG_CXX_LANGUAGE_STANDARD = "gnu++0x";
				CLANG_CXX_LIBRARY = "libc++";
				CLANG_ENABLE_MODULES = YES;
				CLANG_ENABLE_OBJC_ARC = YES;
				CLANG_WARN_BOOL_CONVERSION = YES;
				CLANG_WARN_CONSTANT_CONVERSION = YES;
				CLANG_WARN_DIRECT_OBJC_ISA_USAGE = YES_ERROR;
				CLANG_WARN_EMPTY_BODY = YES;
				CLANG_WARN_ENUM_CONVERSION = YES;
				CLANG_WARN_INT_CONVERSION = YES;
				CLANG_WARN_OBJC_ROOT_CLASS = YES_ERROR;
				CLANG_WARN_UNREACHABLE_CODE = YES;
				CLANG_WARN__DUPLICATE_METHOD_MATCH = YES;
				"CODE_SIGN_IDENTITY[sdk=iphoneos*]" = "iPhone Developer";
				COPY_PHASE_STRIP = NO;
				DEBUG_INFORMATION_FORMAT = "dwarf-with-dsym";
				ENABLE_NS_ASSERTIONS = NO;
				ENABLE_STRICT_OBJC_MSGSEND = YES;
				GCC_C_LANGUAGE_STANDARD = gnu99;
				GCC_NO_COMMON_BLOCKS = YES;
				GCC_WARN_64_TO_32_BIT_CONVERSION = YES;
				GCC_WARN_ABOUT_RETURN_TYPE = YES_ERROR;
				GCC_WARN_UNDECLARED_SELECTOR = YES;
				GCC_WARN_UNINITIALIZED_AUTOS = YES_AGGRESSIVE;
				GCC_WARN_UNUSED_FUNCTION = YES;
				GCC_WARN_UNUSED_VARIABLE = YES;
				IPHONEOS_DEPLOYMENT_TARGET = 8.4;
				MTL_ENABLE_DEBUG_INFO = NO;
				SDKROOT = iphoneos;
				TARGETED_DEVICE_FAMILY = "1,2";
				VALIDATE_PRODUCT = YES;
			};
			name = Release;
		};
		2D7173DE1B69525700D4373B /* Debug */ = {
			isa = XCBuildConfiguration;
			buildSettings = {
				ASSETCATALOG_COMPILER_APPICON_NAME = AppIcon;
				INFOPLIST_FILE = Postcard/Info.plist;
				LD_RUNPATH_SEARCH_PATHS = "$(inherited) @executable_path/Frameworks";
				PRODUCT_NAME = "$(TARGET_NAME)";
			};
			name = Debug;
		};
		2D7173DF1B69525700D4373B /* Release */ = {
			isa = XCBuildConfiguration;
			buildSettings = {
				ASSETCATALOG_COMPILER_APPICON_NAME = AppIcon;
				INFOPLIST_FILE = Postcard/Info.plist;
				LD_RUNPATH_SEARCH_PATHS = "$(inherited) @executable_path/Frameworks";
				PRODUCT_NAME = "$(TARGET_NAME)";
			};
			name = Release;
		};
		2D7173E11B69525700D4373B /* Debug */ = {
			isa = XCBuildConfiguration;
			buildSettings = {
				BUNDLE_LOADER = "$(TEST_HOST)";
				FRAMEWORK_SEARCH_PATHS = (
					"$(SDKROOT)/Developer/Library/Frameworks",
					"$(inherited)",
				);
				GCC_PREPROCESSOR_DEFINITIONS = (
					"DEBUG=1",
					"$(inherited)",
				);
				INFOPLIST_FILE = PostcardTests/Info.plist;
				LD_RUNPATH_SEARCH_PATHS = "$(inherited) @executable_path/Frameworks @loader_path/Frameworks";
				PRODUCT_NAME = "$(TARGET_NAME)";
				TEST_HOST = "$(BUILT_PRODUCTS_DIR)/Postcard.app/Postcard";
			};
			name = Debug;
		};
		2D7173E21B69525700D4373B /* Release */ = {
			isa = XCBuildConfiguration;
			buildSettings = {
				BUNDLE_LOADER = "$(TEST_HOST)";
				FRAMEWORK_SEARCH_PATHS = (
					"$(SDKROOT)/Developer/Library/Frameworks",
					"$(inherited)",
				);
				INFOPLIST_FILE = PostcardTests/Info.plist;
				LD_RUNPATH_SEARCH_PATHS = "$(inherited) @executable_path/Frameworks @loader_path/Frameworks";
				PRODUCT_NAME = "$(TARGET_NAME)";
				TEST_HOST = "$(BUILT_PRODUCTS_DIR)/Postcard.app/Postcard";
			};
			name = Release;
		};
/* End XCBuildConfiguration section */

/* Begin XCConfigurationList section */
		2D7173B91B69525700D4373B /* Build configuration list for PBXProject "Postcard" */ = {
			isa = XCConfigurationList;
			buildConfigurations = (
				2D7173DB1B69525700D4373B /* Debug */,
				2D7173DC1B69525700D4373B /* Release */,
			);
			defaultConfigurationIsVisible = 0;
			defaultConfigurationName = Release;
		};
		2D7173DD1B69525700D4373B /* Build configuration list for PBXNativeTarget "Postcard" */ = {
			isa = XCConfigurationList;
			buildConfigurations = (
				2D7173DE1B69525700D4373B /* Debug */,
				2D7173DF1B69525700D4373B /* Release */,
			);
			defaultConfigurationIsVisible = 0;
		};
		2D7173E01B69525700D4373B /* Build configuration list for PBXNativeTarget "PostcardTests" */ = {
			isa = XCConfigurationList;
			buildConfigurations = (
				2D7173E11B69525700D4373B /* Debug */,
				2D7173E21B69525700D4373B /* Release */,
			);
			defaultConfigurationIsVisible = 0;
		};
/* End XCConfigurationList section */
	};
	rootObject = 2D7173B61B69525700D4373B /* Project object */;
}
